
Microsoft Visual Studio Solution File, Format Version 12.00
# Visual Studio Version 16
VisualStudioVersion = 16.0.31702.278
MinimumVisualStudioVersion = 10.0.40219.1
Project("{FAE04EC0-301F-11D3-BF4B-00C04F79EFBC}") = "01-ByteBank", "01-ByteBank\01-ByteBank.csproj", "{6E6AA4F4-2D6C-43D8-B987-4B8F66813FCE}"
EndProject
Project("{FAE04EC0-301F-11D3-BF4B-00C04F79EFBC}") = "02-ByteBank", "02-ByteBank\02-ByteBank.csproj", "{516AAF47-5C5E-4AF2-B6F4-4C79C2258532}"
EndProject
Project("{FAE04EC0-301F-11D3-BF4B-00C04F79EFBC}") = "03-ByteBank", "03-ByteBank\03-ByteBank.csproj", "{DA7542C3-7158-4918-B720-F24AD0564C73}"
EndProject
Project("{FAE04EC0-301F-11D3-BF4B-00C04F79EFBC}") = "04-ByteBank", "04-ByteBank\04-ByteBank.csproj", "{D74ECC1F-45AF-4DDD-9B37-12488EAEAF06}"
EndProject
Project("{FAE04EC0-301F-11D3-BF4B-00C04F79EFBC}") = "05-ByteBank", "05-ByteBank\05-ByteBank.csproj", "{17D649F9-0C1E-4B0C-AC20-3786A090CEE1}"
EndProject
Project("{FAE04EC0-301F-11D3-BF4B-00C04F79EFBC}") = "06-ByteBank", "06-ByteBank\06-ByteBank.csproj", "{8483E982-6266-4F50-8708-14E6A99D4837}"
EndProject
Global
	GlobalSection(SolutionConfigurationPlatforms) = preSolution
		Debug|Any CPU = Debug|Any CPU
		Release|Any CPU = Release|Any CPU
	EndGlobalSection
	GlobalSection(ProjectConfigurationPlatforms) = postSolution
		{6E6AA4F4-2D6C-43D8-B987-4B8F66813FCE}.Debug|Any CPU.ActiveCfg = Debug|Any CPU
		{6E6AA4F4-2D6C-43D8-B987-4B8F66813FCE}.Debug|Any CPU.Build.0 = Debug|Any CPU
		{6E6AA4F4-2D6C-43D8-B987-4B8F66813FCE}.Release|Any CPU.ActiveCfg = Release|Any CPU
		{6E6AA4F4-2D6C-43D8-B987-4B8F66813FCE}.Release|Any CPU.Build.0 = Release|Any CPU
		{516AAF47-5C5E-4AF2-B6F4-4C79C2258532}.Debug|Any CPU.ActiveCfg = Debug|Any CPU
		{516AAF47-5C5E-4AF2-B6F4-4C79C2258532}.Debug|Any CPU.Build.0 = Debug|Any CPU
		{516AAF47-5C5E-4AF2-B6F4-4C79C2258532}.Release|Any CPU.ActiveCfg = Release|Any CPU
		{516AAF47-5C5E-4AF2-B6F4-4C79C2258532}.Release|Any CPU.Build.0 = Release|Any CPU
		{DA7542C3-7158-4918-B720-F24AD0564C73}.Debug|Any CPU.ActiveCfg = Debug|Any CPU
		{DA7542C3-7158-4918-B720-F24AD0564C73}.Debug|Any CPU.Build.0 = Debug|Any CPU
		{DA7542C3-7158-4918-B720-F24AD0564C73}.Release|Any CPU.ActiveCfg = Release|Any CPU
		{DA7542C3-7158-4918-B720-F24AD0564C73}.Release|Any CPU.Build.0 = Release|Any CPU
		{D74ECC1F-45AF-4DDD-9B37-12488EAEAF06}.Debug|Any CPU.ActiveCfg = Debug|Any CPU
		{D74ECC1F-45AF-4DDD-9B37-12488EAEAF06}.Debug|Any CPU.Build.0 = Debug|Any CPU
		{D74ECC1F-45AF-4DDD-9B37-12488EAEAF06}.Release|Any CPU.ActiveCfg = Release|Any CPU
		{D74ECC1F-45AF-4DDD-9B37-12488EAEAF06}.Release|Any CPU.Build.0 = Release|Any CPU
		{17D649F9-0C1E-4B0C-AC20-3786A090CEE1}.Debug|Any CPU.ActiveCfg = Debug|Any CPU
		{17D649F9-0C1E-4B0C-AC20-3786A090CEE1}.Debug|Any CPU.Build.0 = Debug|Any CPU
		{17D649F9-0C1E-4B0C-AC20-3786A090CEE1}.Release|Any CPU.ActiveCfg = Release|Any CPU
		{17D649F9-0C1E-4B0C-AC20-3786A090CEE1}.Release|Any CPU.Build.0 = Release|Any CPU
		{8483E982-6266-4F50-8708-14E6A99D4837}.Debug|Any CPU.ActiveCfg = Debug|Any CPU
		{8483E982-6266-4F50-8708-14E6A99D4837}.Debug|Any CPU.Build.0 = Debug|Any CPU
		{8483E982-6266-4F50-8708-14E6A99D4837}.Release|Any CPU.ActiveCfg = Release|Any CPU
		{8483E982-6266-4F50-8708-14E6A99D4837}.Release|Any CPU.Build.0 = Release|Any CPU
	EndGlobalSection
	GlobalSection(SolutionProperties) = preSolution
		HideSolutionNode = FALSE
	EndGlobalSection
	GlobalSection(ExtensibilityGlobals) = postSolution
		SolutionGuid = {77C4CFEB-C2E9-4F52-AAC9-1E949491D49C}
	EndGlobalSection
EndGlobal
