
Microsoft Visual Studio Solution File, Format Version 12.00
# Visual Studio Version 17
VisualStudioVersion = 17.0.31912.275
MinimumVisualStudioVersion = 10.0.40219.1
Project("{FAE04EC0-301F-11D3-BF4B-00C04F79EFBC}") = "Refatorando2", "Refatorando2\Refatorando2.csproj", "{7C2FC167-F633-4308-9703-9DFD040FA099}"
EndProject
Global
	GlobalSection(SolutionConfigurationPlatforms) = preSolution
		Debug|Any CPU = Debug|Any CPU
		Release|Any CPU = Release|Any CPU
	EndGlobalSection
	GlobalSection(ProjectConfigurationPlatforms) = postSolution
		{7C2FC167-F633-4308-9703-9DFD040FA099}.Debug|Any CPU.ActiveCfg = Debug|Any CPU
		{7C2FC167-F633-4308-9703-9DFD040FA099}.Debug|Any CPU.Build.0 = Debug|Any CPU
		{7C2FC167-F633-4308-9703-9DFD040FA099}.Release|Any CPU.ActiveCfg = Release|Any CPU
		{7C2FC167-F633-4308-9703-9DFD040FA099}.Release|Any CPU.Build.0 = Release|Any CPU
	EndGlobalSection
	GlobalSection(SolutionProperties) = preSolution
		HideSolutionNode = FALSE
	EndGlobalSection
	GlobalSection(ExtensibilityGlobals) = postSolution
		SolutionGuid = {764B85EC-19D2-4011-8AD8-B72FCBF18EA8}
	EndGlobalSection
EndGlobal
