
Microsoft Visual Studio Solution File, Format Version 12.00
# Visual Studio Version 17
VisualStudioVersion = 17.0.31912.275
MinimumVisualStudioVersion = 10.0.40219.1
Project("{FAE04EC0-301F-11D3-BF4B-00C04F79EFBC}") = "Aula1", "CSharpCollections\Aula1.csproj", "{97CF94F6-3CDA-480F-BD9B-F571E051572D}"
EndProject
Project("{FAE04EC0-301F-11D3-BF4B-00C04F79EFBC}") = "Aula22", "Aula2\Aula22.csproj", "{69394819-25D0-4A53-81A3-5B0D3E6659A6}"
EndProject
Project("{FAE04EC0-301F-11D3-BF4B-00C04F79EFBC}") = "Aula23", "Aula23\Aula23.csproj", "{405FFAE9-9974-4D74-8F76-C5D98512EA4B}"
EndProject
Project("{FAE04EC0-301F-11D3-BF4B-00C04F79EFBC}") = "Aula24", "Aula24\Aula24.csproj", "{C14B1D57-BFBC-48A4-85FD-189FC692E1CC}"
EndProject
Project("{FAE04EC0-301F-11D3-BF4B-00C04F79EFBC}") = "Aula25", "Aula25\Aula25.csproj", "{6E6D49A7-2E4C-4B77-BF6E-5791DA89D044}"
EndProject
Project("{FAE04EC0-301F-11D3-BF4B-00C04F79EFBC}") = "Aula31", "Aula31\Aula31.csproj", "{67AC61DB-4B50-4F5B-B699-AC18108B3B7A}"
EndProject
Project("{FAE04EC0-301F-11D3-BF4B-00C04F79EFBC}") = "Aula32", "Aula32\Aula32.csproj", "{3FD5716E-6565-4793-A534-5427E37194DF}"
EndProject
Project("{FAE04EC0-301F-11D3-BF4B-00C04F79EFBC}") = "Aula41", "Aula41\Aula41.csproj", "{43929370-7004-4A54-AADE-1BBF5697BD96}"
EndProject
Project("{FAE04EC0-301F-11D3-BF4B-00C04F79EFBC}") = "Aula51", "Aula51\Aula51.csproj", "{0BCD91CE-C48E-49CB-872A-D8FA8EC828EE}"
EndProject
Project("{FAE04EC0-301F-11D3-BF4B-00C04F79EFBC}") = "Aula52", "Aula52\Aula52.csproj", "{EE42DEB2-65C6-4980-94A9-022588ABA2A9}"
EndProject
Project("{FAE04EC0-301F-11D3-BF4B-00C04F79EFBC}") = "Aula53", "Aula53\Aula53.csproj", "{4462EDDE-3D94-4B41-BED8-937A8F36D118}"
EndProject
Global
	GlobalSection(SolutionConfigurationPlatforms) = preSolution
		Debug|Any CPU = Debug|Any CPU
		Release|Any CPU = Release|Any CPU
	EndGlobalSection
	GlobalSection(ProjectConfigurationPlatforms) = postSolution
		{97CF94F6-3CDA-480F-BD9B-F571E051572D}.Debug|Any CPU.ActiveCfg = Debug|Any CPU
		{97CF94F6-3CDA-480F-BD9B-F571E051572D}.Debug|Any CPU.Build.0 = Debug|Any CPU
		{97CF94F6-3CDA-480F-BD9B-F571E051572D}.Release|Any CPU.ActiveCfg = Release|Any CPU
		{97CF94F6-3CDA-480F-BD9B-F571E051572D}.Release|Any CPU.Build.0 = Release|Any CPU
		{69394819-25D0-4A53-81A3-5B0D3E6659A6}.Debug|Any CPU.ActiveCfg = Debug|Any CPU
		{69394819-25D0-4A53-81A3-5B0D3E6659A6}.Debug|Any CPU.Build.0 = Debug|Any CPU
		{69394819-25D0-4A53-81A3-5B0D3E6659A6}.Release|Any CPU.ActiveCfg = Release|Any CPU
		{69394819-25D0-4A53-81A3-5B0D3E6659A6}.Release|Any CPU.Build.0 = Release|Any CPU
		{405FFAE9-9974-4D74-8F76-C5D98512EA4B}.Debug|Any CPU.ActiveCfg = Debug|Any CPU
		{405FFAE9-9974-4D74-8F76-C5D98512EA4B}.Debug|Any CPU.Build.0 = Debug|Any CPU
		{405FFAE9-9974-4D74-8F76-C5D98512EA4B}.Release|Any CPU.ActiveCfg = Release|Any CPU
		{405FFAE9-9974-4D74-8F76-C5D98512EA4B}.Release|Any CPU.Build.0 = Release|Any CPU
		{C14B1D57-BFBC-48A4-85FD-189FC692E1CC}.Debug|Any CPU.ActiveCfg = Debug|Any CPU
		{C14B1D57-BFBC-48A4-85FD-189FC692E1CC}.Debug|Any CPU.Build.0 = Debug|Any CPU
		{C14B1D57-BFBC-48A4-85FD-189FC692E1CC}.Release|Any CPU.ActiveCfg = Release|Any CPU
		{C14B1D57-BFBC-48A4-85FD-189FC692E1CC}.Release|Any CPU.Build.0 = Release|Any CPU
		{6E6D49A7-2E4C-4B77-BF6E-5791DA89D044}.Debug|Any CPU.ActiveCfg = Debug|Any CPU
		{6E6D49A7-2E4C-4B77-BF6E-5791DA89D044}.Debug|Any CPU.Build.0 = Debug|Any CPU
		{6E6D49A7-2E4C-4B77-BF6E-5791DA89D044}.Release|Any CPU.ActiveCfg = Release|Any CPU
		{6E6D49A7-2E4C-4B77-BF6E-5791DA89D044}.Release|Any CPU.Build.0 = Release|Any CPU
		{67AC61DB-4B50-4F5B-B699-AC18108B3B7A}.Debug|Any CPU.ActiveCfg = Debug|Any CPU
		{67AC61DB-4B50-4F5B-B699-AC18108B3B7A}.Debug|Any CPU.Build.0 = Debug|Any CPU
		{67AC61DB-4B50-4F5B-B699-AC18108B3B7A}.Release|Any CPU.ActiveCfg = Release|Any CPU
		{67AC61DB-4B50-4F5B-B699-AC18108B3B7A}.Release|Any CPU.Build.0 = Release|Any CPU
		{3FD5716E-6565-4793-A534-5427E37194DF}.Debug|Any CPU.ActiveCfg = Debug|Any CPU
		{3FD5716E-6565-4793-A534-5427E37194DF}.Debug|Any CPU.Build.0 = Debug|Any CPU
		{3FD5716E-6565-4793-A534-5427E37194DF}.Release|Any CPU.ActiveCfg = Release|Any CPU
		{3FD5716E-6565-4793-A534-5427E37194DF}.Release|Any CPU.Build.0 = Release|Any CPU
		{43929370-7004-4A54-AADE-1BBF5697BD96}.Debug|Any CPU.ActiveCfg = Debug|Any CPU
		{43929370-7004-4A54-AADE-1BBF5697BD96}.Debug|Any CPU.Build.0 = Debug|Any CPU
		{43929370-7004-4A54-AADE-1BBF5697BD96}.Release|Any CPU.ActiveCfg = Release|Any CPU
		{43929370-7004-4A54-AADE-1BBF5697BD96}.Release|Any CPU.Build.0 = Release|Any CPU
		{0BCD91CE-C48E-49CB-872A-D8FA8EC828EE}.Debug|Any CPU.ActiveCfg = Debug|Any CPU
		{0BCD91CE-C48E-49CB-872A-D8FA8EC828EE}.Debug|Any CPU.Build.0 = Debug|Any CPU
		{0BCD91CE-C48E-49CB-872A-D8FA8EC828EE}.Release|Any CPU.ActiveCfg = Release|Any CPU
		{0BCD91CE-C48E-49CB-872A-D8FA8EC828EE}.Release|Any CPU.Build.0 = Release|Any CPU
		{EE42DEB2-65C6-4980-94A9-022588ABA2A9}.Debug|Any CPU.ActiveCfg = Debug|Any CPU
		{EE42DEB2-65C6-4980-94A9-022588ABA2A9}.Debug|Any CPU.Build.0 = Debug|Any CPU
		{EE42DEB2-65C6-4980-94A9-022588ABA2A9}.Release|Any CPU.ActiveCfg = Release|Any CPU
		{EE42DEB2-65C6-4980-94A9-022588ABA2A9}.Release|Any CPU.Build.0 = Release|Any CPU
		{4462EDDE-3D94-4B41-BED8-937A8F36D118}.Debug|Any CPU.ActiveCfg = Debug|Any CPU
		{4462EDDE-3D94-4B41-BED8-937A8F36D118}.Debug|Any CPU.Build.0 = Debug|Any CPU
		{4462EDDE-3D94-4B41-BED8-937A8F36D118}.Release|Any CPU.ActiveCfg = Release|Any CPU
		{4462EDDE-3D94-4B41-BED8-937A8F36D118}.Release|Any CPU.Build.0 = Release|Any CPU
	EndGlobalSection
	GlobalSection(SolutionProperties) = preSolution
		HideSolutionNode = FALSE
	EndGlobalSection
	GlobalSection(ExtensibilityGlobals) = postSolution
		SolutionGuid = {D0575726-DA6E-4B4E-B90F-E8DAFDA4B683}
	EndGlobalSection
EndGlobal
