
Microsoft Visual Studio Solution File, Format Version 12.00
# Visual Studio Version 16
VisualStudioVersion = 16.0.31702.278
MinimumVisualStudioVersion = 10.0.40219.1
Project("{FAE04EC0-301F-11D3-BF4B-00C04F79EFBC}") = "1-PrimeiroProjeto", "1-PrimeiroProjeto\1-PrimeiroProjeto.csproj", "{E9DA13EC-8B0B-41F6-B844-A7EEC67C6746}"
EndProject
Project("{FAE04EC0-301F-11D3-BF4B-00C04F79EFBC}") = "2-CriandoVariaveis", "2-CriandoVariaveis\2-CriandoVariaveis.csproj", "{A6ECDCEE-F15E-4BFD-BC1E-51604D7B72A7}"
EndProject
Project("{FAE04EC0-301F-11D3-BF4B-00C04F79EFBC}") = "3-CriandoVariaveisPontoFlutuante", "3-CriandoVariaveisPontoFlutuante\3-CriandoVariaveisPontoFlutuante.csproj", "{5D0EB9FD-D28E-4131-A797-0B824E48A8B3}"
EndProject
Project("{FAE04EC0-301F-11D3-BF4B-00C04F79EFBC}") = "CriandoVariaveis", "CriandoVariaveis\CriandoVariaveis.csproj", "{432A784F-AAFE-4DED-8468-22B6AF7C9759}"
EndProject
Project("{FAE04EC0-301F-11D3-BF4B-00C04F79EFBC}") = "TestaPontoFlutuante", "TestaPontoFlutuante\TestaPontoFlutuante.csproj", "{3AA19F50-B30C-46C7-BE99-269572F3B01F}"
EndProject
Project("{FAE04EC0-301F-11D3-BF4B-00C04F79EFBC}") = "4-ConversoesEOutrosTiposNumericos", "4-ConversoesEOutrosTiposNumericos\4-ConversoesEOutrosTiposNumericos.csproj", "{4DB09E0A-0573-4ECB-BFAB-55743F5EACA6}"
EndProject
Project("{FAE04EC0-301F-11D3-BF4B-00C04F79EFBC}") = "ConversoesEOutrosTiposNumericos", "ConversoesEOutrosTiposNumericos\ConversoesEOutrosTiposNumericos.csproj", "{E448A227-E212-4E5C-836E-CFA18BB7F6F2}"
EndProject
Project("{FAE04EC0-301F-11D3-BF4B-00C04F79EFBC}") = "5-CaracteresETextos", "5-CaracteresETextos\5-CaracteresETextos.csproj", "{86B6A3D4-AB54-4783-A00E-0C8B1D387E4E}"
EndProject
Project("{FAE04EC0-301F-11D3-BF4B-00C04F79EFBC}") = "6-AtribuicoesDeVariaveis", "6-AtribuicoesDeVariaveis\6-AtribuicoesDeVariaveis.csproj", "{220E6034-8D23-4032-BEA6-8AF8093CD6A5}"
EndProject
Project("{FAE04EC0-301F-11D3-BF4B-00C04F79EFBC}") = "7-Condicionais", "7-Condicionais\7-Condicionais.csproj", "{13EB8706-EBFF-431C-B7B8-9207C30F3856}"
EndProject
Project("{FAE04EC0-301F-11D3-BF4B-00C04F79EFBC}") = "8-Condicionais2", "8-Condicionais2\8-Condicionais2.csproj", "{F3BE1B3E-C51B-47B9-9F0F-44C4274AC2CB}"
EndProject
Project("{FAE04EC0-301F-11D3-BF4B-00C04F79EFBC}") = "9-Escopo", "9-Escopo\9-Escopo.csproj", "{AE9BF381-0748-48FC-85AC-A10534E18574}"
EndProject
Project("{FAE04EC0-301F-11D3-BF4B-00C04F79EFBC}") = "Aliquota", "Aliquota\Aliquota.csproj", "{F3768EC4-27F5-4880-9892-E6CDAF695D80}"
EndProject
Project("{FAE04EC0-301F-11D3-BF4B-00C04F79EFBC}") = "P10-CalculaPoupanca", "P10-CalculaPoupanca\P10-CalculaPoupanca.csproj", "{796AAE29-CC9D-4B8E-B434-21FBCB829D8B}"
EndProject
Project("{FAE04EC0-301F-11D3-BF4B-00C04F79EFBC}") = "P11-CalculaPoupanca2", "P11-CalculaPoupanca2\P11-CalculaPoupanca2.csproj", "{E70BF49F-0AF4-40B4-8E89-1BA259BA0FD4}"
EndProject
Project("{FAE04EC0-301F-11D3-BF4B-00C04F79EFBC}") = "P12-CalculaInvestimentoLongoPrazo", "P12-CalculaInvestimentoLongoPrazo\P12-CalculaInvestimentoLongoPrazo.csproj", "{63128217-83BA-478E-87CD-4EEBBC27E0AA}"
EndProject
Project("{FAE04EC0-301F-11D3-BF4B-00C04F79EFBC}") = "P13-ForEncadeado", "P13-ForEncadeado\P13-ForEncadeado.csproj", "{E6F0CC66-E997-4B84-8EE0-C8CFE1135F50}"
EndProject
Project("{FAE04EC0-301F-11D3-BF4B-00C04F79EFBC}") = "MultiplosDe3", "MultiplosDe3\MultiplosDe3.csproj", "{306CDBFD-8496-4EE9-8C7C-DA3CFB5D6B9E}"
EndProject
Global
	GlobalSection(SolutionConfigurationPlatforms) = preSolution
		Debug|Any CPU = Debug|Any CPU
		Release|Any CPU = Release|Any CPU
	EndGlobalSection
	GlobalSection(ProjectConfigurationPlatforms) = postSolution
		{E9DA13EC-8B0B-41F6-B844-A7EEC67C6746}.Debug|Any CPU.ActiveCfg = Debug|Any CPU
		{E9DA13EC-8B0B-41F6-B844-A7EEC67C6746}.Debug|Any CPU.Build.0 = Debug|Any CPU
		{E9DA13EC-8B0B-41F6-B844-A7EEC67C6746}.Release|Any CPU.ActiveCfg = Release|Any CPU
		{E9DA13EC-8B0B-41F6-B844-A7EEC67C6746}.Release|Any CPU.Build.0 = Release|Any CPU
		{A6ECDCEE-F15E-4BFD-BC1E-51604D7B72A7}.Debug|Any CPU.ActiveCfg = Debug|Any CPU
		{A6ECDCEE-F15E-4BFD-BC1E-51604D7B72A7}.Debug|Any CPU.Build.0 = Debug|Any CPU
		{A6ECDCEE-F15E-4BFD-BC1E-51604D7B72A7}.Release|Any CPU.ActiveCfg = Release|Any CPU
		{A6ECDCEE-F15E-4BFD-BC1E-51604D7B72A7}.Release|Any CPU.Build.0 = Release|Any CPU
		{5D0EB9FD-D28E-4131-A797-0B824E48A8B3}.Debug|Any CPU.ActiveCfg = Debug|Any CPU
		{5D0EB9FD-D28E-4131-A797-0B824E48A8B3}.Debug|Any CPU.Build.0 = Debug|Any CPU
		{5D0EB9FD-D28E-4131-A797-0B824E48A8B3}.Release|Any CPU.ActiveCfg = Release|Any CPU
		{5D0EB9FD-D28E-4131-A797-0B824E48A8B3}.Release|Any CPU.Build.0 = Release|Any CPU
		{432A784F-AAFE-4DED-8468-22B6AF7C9759}.Debug|Any CPU.ActiveCfg = Debug|Any CPU
		{432A784F-AAFE-4DED-8468-22B6AF7C9759}.Debug|Any CPU.Build.0 = Debug|Any CPU
		{432A784F-AAFE-4DED-8468-22B6AF7C9759}.Release|Any CPU.ActiveCfg = Release|Any CPU
		{432A784F-AAFE-4DED-8468-22B6AF7C9759}.Release|Any CPU.Build.0 = Release|Any CPU
		{3AA19F50-B30C-46C7-BE99-269572F3B01F}.Debug|Any CPU.ActiveCfg = Debug|Any CPU
		{3AA19F50-B30C-46C7-BE99-269572F3B01F}.Debug|Any CPU.Build.0 = Debug|Any CPU
		{3AA19F50-B30C-46C7-BE99-269572F3B01F}.Release|Any CPU.ActiveCfg = Release|Any CPU
		{3AA19F50-B30C-46C7-BE99-269572F3B01F}.Release|Any CPU.Build.0 = Release|Any CPU
		{4DB09E0A-0573-4ECB-BFAB-55743F5EACA6}.Debug|Any CPU.ActiveCfg = Debug|Any CPU
		{4DB09E0A-0573-4ECB-BFAB-55743F5EACA6}.Debug|Any CPU.Build.0 = Debug|Any CPU
		{4DB09E0A-0573-4ECB-BFAB-55743F5EACA6}.Release|Any CPU.ActiveCfg = Release|Any CPU
		{4DB09E0A-0573-4ECB-BFAB-55743F5EACA6}.Release|Any CPU.Build.0 = Release|Any CPU
		{E448A227-E212-4E5C-836E-CFA18BB7F6F2}.Debug|Any CPU.ActiveCfg = Debug|Any CPU
		{E448A227-E212-4E5C-836E-CFA18BB7F6F2}.Debug|Any CPU.Build.0 = Debug|Any CPU
		{E448A227-E212-4E5C-836E-CFA18BB7F6F2}.Release|Any CPU.ActiveCfg = Release|Any CPU
		{E448A227-E212-4E5C-836E-CFA18BB7F6F2}.Release|Any CPU.Build.0 = Release|Any CPU
		{86B6A3D4-AB54-4783-A00E-0C8B1D387E4E}.Debug|Any CPU.ActiveCfg = Debug|Any CPU
		{86B6A3D4-AB54-4783-A00E-0C8B1D387E4E}.Debug|Any CPU.Build.0 = Debug|Any CPU
		{86B6A3D4-AB54-4783-A00E-0C8B1D387E4E}.Release|Any CPU.ActiveCfg = Release|Any CPU
		{86B6A3D4-AB54-4783-A00E-0C8B1D387E4E}.Release|Any CPU.Build.0 = Release|Any CPU
		{220E6034-8D23-4032-BEA6-8AF8093CD6A5}.Debug|Any CPU.ActiveCfg = Debug|Any CPU
		{220E6034-8D23-4032-BEA6-8AF8093CD6A5}.Debug|Any CPU.Build.0 = Debug|Any CPU
		{220E6034-8D23-4032-BEA6-8AF8093CD6A5}.Release|Any CPU.ActiveCfg = Release|Any CPU
		{220E6034-8D23-4032-BEA6-8AF8093CD6A5}.Release|Any CPU.Build.0 = Release|Any CPU
		{13EB8706-EBFF-431C-B7B8-9207C30F3856}.Debug|Any CPU.ActiveCfg = Debug|Any CPU
		{13EB8706-EBFF-431C-B7B8-9207C30F3856}.Debug|Any CPU.Build.0 = Debug|Any CPU
		{13EB8706-EBFF-431C-B7B8-9207C30F3856}.Release|Any CPU.ActiveCfg = Release|Any CPU
		{13EB8706-EBFF-431C-B7B8-9207C30F3856}.Release|Any CPU.Build.0 = Release|Any CPU
		{F3BE1B3E-C51B-47B9-9F0F-44C4274AC2CB}.Debug|Any CPU.ActiveCfg = Debug|Any CPU
		{F3BE1B3E-C51B-47B9-9F0F-44C4274AC2CB}.Debug|Any CPU.Build.0 = Debug|Any CPU
		{F3BE1B3E-C51B-47B9-9F0F-44C4274AC2CB}.Release|Any CPU.ActiveCfg = Release|Any CPU
		{F3BE1B3E-C51B-47B9-9F0F-44C4274AC2CB}.Release|Any CPU.Build.0 = Release|Any CPU
		{AE9BF381-0748-48FC-85AC-A10534E18574}.Debug|Any CPU.ActiveCfg = Debug|Any CPU
		{AE9BF381-0748-48FC-85AC-A10534E18574}.Debug|Any CPU.Build.0 = Debug|Any CPU
		{AE9BF381-0748-48FC-85AC-A10534E18574}.Release|Any CPU.ActiveCfg = Release|Any CPU
		{AE9BF381-0748-48FC-85AC-A10534E18574}.Release|Any CPU.Build.0 = Release|Any CPU
		{F3768EC4-27F5-4880-9892-E6CDAF695D80}.Debug|Any CPU.ActiveCfg = Debug|Any CPU
		{F3768EC4-27F5-4880-9892-E6CDAF695D80}.Debug|Any CPU.Build.0 = Debug|Any CPU
		{F3768EC4-27F5-4880-9892-E6CDAF695D80}.Release|Any CPU.ActiveCfg = Release|Any CPU
		{F3768EC4-27F5-4880-9892-E6CDAF695D80}.Release|Any CPU.Build.0 = Release|Any CPU
		{796AAE29-CC9D-4B8E-B434-21FBCB829D8B}.Debug|Any CPU.ActiveCfg = Debug|Any CPU
		{796AAE29-CC9D-4B8E-B434-21FBCB829D8B}.Debug|Any CPU.Build.0 = Debug|Any CPU
		{796AAE29-CC9D-4B8E-B434-21FBCB829D8B}.Release|Any CPU.ActiveCfg = Release|Any CPU
		{796AAE29-CC9D-4B8E-B434-21FBCB829D8B}.Release|Any CPU.Build.0 = Release|Any CPU
		{E70BF49F-0AF4-40B4-8E89-1BA259BA0FD4}.Debug|Any CPU.ActiveCfg = Debug|Any CPU
		{E70BF49F-0AF4-40B4-8E89-1BA259BA0FD4}.Debug|Any CPU.Build.0 = Debug|Any CPU
		{E70BF49F-0AF4-40B4-8E89-1BA259BA0FD4}.Release|Any CPU.ActiveCfg = Release|Any CPU
		{E70BF49F-0AF4-40B4-8E89-1BA259BA0FD4}.Release|Any CPU.Build.0 = Release|Any CPU
		{63128217-83BA-478E-87CD-4EEBBC27E0AA}.Debug|Any CPU.ActiveCfg = Debug|Any CPU
		{63128217-83BA-478E-87CD-4EEBBC27E0AA}.Debug|Any CPU.Build.0 = Debug|Any CPU
		{63128217-83BA-478E-87CD-4EEBBC27E0AA}.Release|Any CPU.ActiveCfg = Release|Any CPU
		{63128217-83BA-478E-87CD-4EEBBC27E0AA}.Release|Any CPU.Build.0 = Release|Any CPU
		{E6F0CC66-E997-4B84-8EE0-C8CFE1135F50}.Debug|Any CPU.ActiveCfg = Debug|Any CPU
		{E6F0CC66-E997-4B84-8EE0-C8CFE1135F50}.Debug|Any CPU.Build.0 = Debug|Any CPU
		{E6F0CC66-E997-4B84-8EE0-C8CFE1135F50}.Release|Any CPU.ActiveCfg = Release|Any CPU
		{E6F0CC66-E997-4B84-8EE0-C8CFE1135F50}.Release|Any CPU.Build.0 = Release|Any CPU
		{306CDBFD-8496-4EE9-8C7C-DA3CFB5D6B9E}.Debug|Any CPU.ActiveCfg = Debug|Any CPU
		{306CDBFD-8496-4EE9-8C7C-DA3CFB5D6B9E}.Debug|Any CPU.Build.0 = Debug|Any CPU
		{306CDBFD-8496-4EE9-8C7C-DA3CFB5D6B9E}.Release|Any CPU.ActiveCfg = Release|Any CPU
		{306CDBFD-8496-4EE9-8C7C-DA3CFB5D6B9E}.Release|Any CPU.Build.0 = Release|Any CPU
	EndGlobalSection
	GlobalSection(SolutionProperties) = preSolution
		HideSolutionNode = FALSE
	EndGlobalSection
	GlobalSection(ExtensibilityGlobals) = postSolution
		SolutionGuid = {BCBA703A-7549-4433-A536-DEEB5D0FCE1D}
	EndGlobalSection
EndGlobal
